
Microsoft Visual Studio Solution File, Format Version 12.00
# Visual Studio Version 17
VisualStudioVersion = 17.4.33213.308
MinimumVisualStudioVersion = 10.0.40219.1
Project("{9A19103F-16F7-4668-BE54-9A1E7A4F7556}") = "GrpcServer", "GrpcServer\GrpcServer.csproj", "{230BED54-3A7A-42AC-8B35-EC669C3B1D38}"
EndProject
Project("{9A19103F-16F7-4668-BE54-9A1E7A4F7556}") = "GrpcClient", "GrpcClient\GrpcClient.csproj", "{430A39D0-B9D3-4B01-BBA7-3654A2AB55B1}"
EndProject
Global
	GlobalSection(SolutionConfigurationPlatforms) = preSolution
		Debug|Any CPU = Debug|Any CPU
		Release|Any CPU = Release|Any CPU
	EndGlobalSection
	GlobalSection(ProjectConfigurationPlatforms) = postSolution
		{230BED54-3A7A-42AC-8B35-EC669C3B1D38}.Debug|Any CPU.ActiveCfg = Debug|Any CPU
		{230BED54-3A7A-42AC-8B35-EC669C3B1D38}.Debug|Any CPU.Build.0 = Debug|Any CPU
		{230BED54-3A7A-42AC-8B35-EC669C3B1D38}.Release|Any CPU.ActiveCfg = Release|Any CPU
		{230BED54-3A7A-42AC-8B35-EC669C3B1D38}.Release|Any CPU.Build.0 = Release|Any CPU
		{430A39D0-B9D3-4B01-BBA7-3654A2AB55B1}.Debug|Any CPU.ActiveCfg = Debug|Any CPU
		{430A39D0-B9D3-4B01-BBA7-3654A2AB55B1}.Debug|Any CPU.Build.0 = Debug|Any CPU
		{430A39D0-B9D3-4B01-BBA7-3654A2AB55B1}.Release|Any CPU.ActiveCfg = Release|Any CPU
		{430A39D0-B9D3-4B01-BBA7-3654A2AB55B1}.Release|Any CPU.Build.0 = Release|Any CPU
	EndGlobalSection
	GlobalSection(SolutionProperties) = preSolution
		HideSolutionNode = FALSE
	EndGlobalSection
	GlobalSection(ExtensibilityGlobals) = postSolution
		SolutionGuid = {A5F63704-1C9B-4DDD-8DC7-18E542749329}
	EndGlobalSection
EndGlobal
